// !$*UTF8*$!
{
	archiveVersion = 1;
	classes = {
	};
	objectVersion = 50;
	objects = {

/* Begin PBXBuildFile section */
		A43ADB83680CE35EFAFED13D /* Pods_WorldTracking.framework in Frameworks */ = {isa = PBXBuildFile; fileRef = 420BD270A42391DCC3D74B80 /* Pods_WorldTracking.framework */; };
		CCD2925320AD7AD50084F8D0 /* AppDelegate.swift in Sources */ = {isa = PBXBuildFile; fileRef = CCD2925220AD7AD50084F8D0 /* AppDelegate.swift */; };
		CCD2925520AD7AD50084F8D0 /* ViewController.swift in Sources */ = {isa = PBXBuildFile; fileRef = CCD2925420AD7AD50084F8D0 /* ViewController.swift */; };
		CCD2925820AD7AD50084F8D0 /* Main.storyboard in Resources */ = {isa = PBXBuildFile; fileRef = CCD2925620AD7AD50084F8D0 /* Main.storyboard */; };
		CCD2925A20AD7AD60084F8D0 /* Assets.xcassets in Resources */ = {isa = PBXBuildFile; fileRef = CCD2925920AD7AD60084F8D0 /* Assets.xcassets */; };
		CCD2925D20AD7AD60084F8D0 /* LaunchScreen.storyboard in Resources */ = {isa = PBXBuildFile; fileRef = CCD2925B20AD7AD60084F8D0 /* LaunchScreen.storyboard */; };
/* End PBXBuildFile section */

/* Begin PBXFileReference section */
		420BD270A42391DCC3D74B80 /* Pods_WorldTracking.framework */ = {isa = PBXFileReference; explicitFileType = wrapper.framework; includeInIndex = 0; path = Pods_WorldTracking.framework; sourceTree = BUILT_PRODUCTS_DIR; };
		B720C9B63C4627DC2DCD0391 /* Pods-WorldTracking.release.xcconfig */ = {isa = PBXFileReference; includeInIndex = 1; lastKnownFileType = text.xcconfig; name = "Pods-WorldTracking.release.xcconfig"; path = "Pods/Target Support Files/Pods-WorldTracking/Pods-WorldTracking.release.xcconfig"; sourceTree = "<group>"; };
		C29C6E8E6A8C4CD51E444D2B /* Pods-WorldTracking.debug.xcconfig */ = {isa = PBXFileReference; includeInIndex = 1; lastKnownFileType = text.xcconfig; name = "Pods-WorldTracking.debug.xcconfig"; path = "Pods/Target Support Files/Pods-WorldTracking/Pods-WorldTracking.debug.xcconfig"; sourceTree = "<group>"; };
		CCD2924F20AD7AD50084F8D0 /* WorldTracking.app */ = {isa = PBXFileReference; explicitFileType = wrapper.application; includeInIndex = 0; path = WorldTracking.app; sourceTree = BUILT_PRODUCTS_DIR; };
		CCD2925220AD7AD50084F8D0 /* AppDelegate.swift */ = {isa = PBXFileReference; lastKnownFileType = sourcecode.swift; path = AppDelegate.swift; sourceTree = "<group>"; };
		CCD2925420AD7AD50084F8D0 /* ViewController.swift */ = {isa = PBXFileReference; lastKnownFileType = sourcecode.swift; path = ViewController.swift; sourceTree = "<group>"; };
		CCD2925720AD7AD50084F8D0 /* Base */ = {isa = PBXFileReference; lastKnownFileType = file.storyboard; name = Base; path = Base.lproj/Main.storyboard; sourceTree = "<group>"; };
		CCD2925920AD7AD60084F8D0 /* Assets.xcassets */ = {isa = PBXFileReference; lastKnownFileType = folder.assetcatalog; path = Assets.xcassets; sourceTree = "<group>"; };
		CCD2925C20AD7AD60084F8D0 /* Base */ = {isa = PBXFileReference; lastKnownFileType = file.storyboard; name = Base; path = Base.lproj/LaunchScreen.storyboard; sourceTree = "<group>"; };
		CCD2925E20AD7AD60084F8D0 /* Info.plist */ = {isa = PBXFileReference; lastKnownFileType = text.plist.xml; path = Info.plist; sourceTree = "<group>"; };
/* End PBXFileReference section */

/* Begin PBXFrameworksBuildPhase section */
		CCD2924C20AD7AD50084F8D0 /* Frameworks */ = {
			isa = PBXFrameworksBuildPhase;
			buildActionMask = 2147483647;
			files = (
				A43ADB83680CE35EFAFED13D /* Pods_WorldTracking.framework in Frameworks */,
			);
			runOnlyForDeploymentPostprocessing = 0;
		};
/* End PBXFrameworksBuildPhase section */

/* Begin PBXGroup section */
		0A6B11A2CBACF4ED82D83020 /* Pods */ = {
			isa = PBXGroup;
			children = (
				C29C6E8E6A8C4CD51E444D2B /* Pods-WorldTracking.debug.xcconfig */,
				B720C9B63C4627DC2DCD0391 /* Pods-WorldTracking.release.xcconfig */,
			);
			name = Pods;
			sourceTree = "<group>";
		};
		BF55CE01D3590C8ABC2273A2 /* Frameworks */ = {
			isa = PBXGroup;
			children = (
				420BD270A42391DCC3D74B80 /* Pods_WorldTracking.framework */,
			);
			name = Frameworks;
			sourceTree = "<group>";
		};
		CCD2924620AD7AD50084F8D0 = {
			isa = PBXGroup;
			children = (
				CCD2925120AD7AD50084F8D0 /* WorldTracking */,
				CCD2925020AD7AD50084F8D0 /* Products */,
				0A6B11A2CBACF4ED82D83020 /* Pods */,
				BF55CE01D3590C8ABC2273A2 /* Frameworks */,
			);
			sourceTree = "<group>";
		};
		CCD2925020AD7AD50084F8D0 /* Products */ = {
			isa = PBXGroup;
			children = (
				CCD2924F20AD7AD50084F8D0 /* WorldTracking.app */,
			);
			name = Products;
			sourceTree = "<group>";
		};
		CCD2925120AD7AD50084F8D0 /* WorldTracking */ = {
			isa = PBXGroup;
			children = (
				CCD2925220AD7AD50084F8D0 /* AppDelegate.swift */,
				CCD2925420AD7AD50084F8D0 /* ViewController.swift */,
				CCD2925620AD7AD50084F8D0 /* Main.storyboard */,
				CCD2925920AD7AD60084F8D0 /* Assets.xcassets */,
				CCD2925B20AD7AD60084F8D0 /* LaunchScreen.storyboard */,
				CCD2925E20AD7AD60084F8D0 /* Info.plist */,
			);
			path = WorldTracking;
			sourceTree = "<group>";
		};
/* End PBXGroup section */

/* Begin PBXNativeTarget section */
		CCD2924E20AD7AD50084F8D0 /* WorldTracking */ = {
			isa = PBXNativeTarget;
			buildConfigurationList = CCD2926120AD7AD60084F8D0 /* Build configuration list for PBXNativeTarget "WorldTracking" */;
			buildPhases = (
				2FDDA6F80FD08E745DA0D47F /* [CP] Check Pods Manifest.lock */,
				CCD2924B20AD7AD50084F8D0 /* Sources */,
				CCD2924C20AD7AD50084F8D0 /* Frameworks */,
				CCD2924D20AD7AD50084F8D0 /* Resources */,
				23C7FBE8EC6F19763F25B9D1 /* [CP] Embed Pods Frameworks */,
			);
			buildRules = (
			);
			dependencies = (
			);
			name = WorldTracking;
			productName = WorldTracking;
			productReference = CCD2924F20AD7AD50084F8D0 /* WorldTracking.app */;
			productType = "com.apple.product-type.application";
		};
/* End PBXNativeTarget section */

/* Begin PBXProject section */
		CCD2924720AD7AD50084F8D0 /* Project object */ = {
			isa = PBXProject;
			attributes = {
				LastSwiftUpdateCheck = 0930;
				LastUpgradeCheck = 0930;
				ORGANIZATIONNAME = "magnus holm";
				TargetAttributes = {
					CCD2924E20AD7AD50084F8D0 = {
						CreatedOnToolsVersion = 9.3.1;
					};
				};
			};
			buildConfigurationList = CCD2924A20AD7AD50084F8D0 /* Build configuration list for PBXProject "WorldTracking" */;
			compatibilityVersion = "Xcode 9.3";
			developmentRegion = en;
			hasScannedForEncodings = 0;
			knownRegions = (
				en,
				Base,
			);
			mainGroup = CCD2924620AD7AD50084F8D0;
			productRefGroup = CCD2925020AD7AD50084F8D0 /* Products */;
			projectDirPath = "";
			projectRoot = "";
			targets = (
				CCD2924E20AD7AD50084F8D0 /* WorldTracking */,
			);
		};
/* End PBXProject section */

/* Begin PBXResourcesBuildPhase section */
		CCD2924D20AD7AD50084F8D0 /* Resources */ = {
			isa = PBXResourcesBuildPhase;
			buildActionMask = 2147483647;
			files = (
				CCD2925D20AD7AD60084F8D0 /* LaunchScreen.storyboard in Resources */,
				CCD2925A20AD7AD60084F8D0 /* Assets.xcassets in Resources */,
				CCD2925820AD7AD50084F8D0 /* Main.storyboard in Resources */,
			);
			runOnlyForDeploymentPostprocessing = 0;
		};
/* End PBXResourcesBuildPhase section */

/* Begin PBXShellScriptBuildPhase section */
		23C7FBE8EC6F19763F25B9D1 /* [CP] Embed Pods Frameworks */ = {
			isa = PBXShellScriptBuildPhase;
			buildActionMask = 2147483647;
			files = (
			);
			inputPaths = (
				"${SRCROOT}/Pods/Target Support Files/Pods-WorldTracking/Pods-WorldTracking-frameworks.sh",
				"${BUILT_PRODUCTS_DIR}/Each/Each.framework",
			);
			name = "[CP] Embed Pods Frameworks";
			outputPaths = (
				"${TARGET_BUILD_DIR}/${FRAMEWORKS_FOLDER_PATH}/Each.framework",
			);
			runOnlyForDeploymentPostprocessing = 0;
			shellPath = /bin/sh;
			shellScript = "\"${SRCROOT}/Pods/Target Support Files/Pods-WorldTracking/Pods-WorldTracking-frameworks.sh\"\n";
			showEnvVarsInLog = 0;
		};
		2FDDA6F80FD08E745DA0D47F /* [CP] Check Pods Manifest.lock */ = {
			isa = PBXShellScriptBuildPhase;
			buildActionMask = 2147483647;
			files = (
			);
			inputPaths = (
				"${PODS_PODFILE_DIR_PATH}/Podfile.lock",
				"${PODS_ROOT}/Manifest.lock",
			);
			name = "[CP] Check Pods Manifest.lock";
			outputPaths = (
				"$(DERIVED_FILE_DIR)/Pods-WorldTracking-checkManifestLockResult.txt",
			);
			runOnlyForDeploymentPostprocessing = 0;
			shellPath = /bin/sh;
			shellScript = "diff \"${PODS_PODFILE_DIR_PATH}/Podfile.lock\" \"${PODS_ROOT}/Manifest.lock\" > /dev/null\nif [ $? != 0 ] ; then\n    # print error to STDERR\n    echo \"error: The sandbox is not in sync with the Podfile.lock. Run 'pod install' or update your CocoaPods installation.\" >&2\n    exit 1\nfi\n# This output is used by Xcode 'outputs' to avoid re-running this script phase.\necho \"SUCCESS\" > \"${SCRIPT_OUTPUT_FILE_0}\"\n";
			showEnvVarsInLog = 0;
		};
/* End PBXShellScriptBuildPhase section */

/* Begin PBXSourcesBuildPhase section */
		CCD2924B20AD7AD50084F8D0 /* Sources */ = {
			isa = PBXSourcesBuildPhase;
			buildActionMask = 2147483647;
			files = (
				CCD2925520AD7AD50084F8D0 /* ViewController.swift in Sources */,
				CCD2925320AD7AD50084F8D0 /* AppDelegate.swift in Sources */,
			);
			runOnlyForDeploymentPostprocessing = 0;
		};
/* End PBXSourcesBuildPhase section */

/* Begin PBXVariantGroup section */
		CCD2925620AD7AD50084F8D0 /* Main.storyboard */ = {
			isa = PBXVariantGroup;
			children = (
				CCD2925720AD7AD50084F8D0 /* Base */,
			);
			name = Main.storyboard;
			sourceTree = "<group>";
		};
		CCD2925B20AD7AD60084F8D0 /* LaunchScreen.storyboard */ = {
			isa = PBXVariantGroup;
			children = (
				CCD2925C20AD7AD60084F8D0 /* Base */,
			);
			name = LaunchScreen.storyboard;
			sourceTree = "<group>";
		};
/* End PBXVariantGroup section */

/* Begin XCBuildConfiguration section */
		CCD2925F20AD7AD60084F8D0 /* Debug */ = {
			isa = XCBuildConfiguration;
			buildSettings = {
				ALWAYS_SEARCH_USER_PATHS = NO;
				CLANG_ANALYZER_NONNULL = YES;
				CLANG_ANALYZER_NUMBER_OBJECT_CONVERSION = YES_AGGRESSIVE;
				CLANG_CXX_LANGUAGE_STANDARD = "gnu++14";
				CLANG_CXX_LIBRARY = "libc++";
				CLANG_ENABLE_MODULES = YES;
				CLANG_ENABLE_OBJC_ARC = YES;
				CLANG_ENABLE_OBJC_WEAK = YES;
				CLANG_WARN_BLOCK_CAPTURE_AUTORELEASING = YES;
				CLANG_WARN_BOOL_CONVERSION = YES;
				CLANG_WARN_COMMA = YES;
				CLANG_WARN_CONSTANT_CONVERSION = YES;
				CLANG_WARN_DEPRECATED_OBJC_IMPLEMENTATIONS = YES;
				CLANG_WARN_DIRECT_OBJC_ISA_USAGE = YES_ERROR;
				CLANG_WARN_DOCUMENTATION_COMMENTS = YES;
				CLANG_WARN_EMPTY_BODY = YES;
				CLANG_WARN_ENUM_CONVERSION = YES;
				CLANG_WARN_INFINITE_RECURSION = YES;
				CLANG_WARN_INT_CONVERSION = YES;
				CLANG_WARN_NON_LITERAL_NULL_CONVERSION = YES;
				CLANG_WARN_OBJC_IMPLICIT_RETAIN_SELF = YES;
				CLANG_WARN_OBJC_LITERAL_CONVERSION = YES;
				CLANG_WARN_OBJC_ROOT_CLASS = YES_ERROR;
				CLANG_WARN_RANGE_LOOP_ANALYSIS = YES;
				CLANG_WARN_STRICT_PROTOTYPES = YES;
				CLANG_WARN_SUSPICIOUS_MOVE = YES;
				CLANG_WARN_UNGUARDED_AVAILABILITY = YES_AGGRESSIVE;
				CLANG_WARN_UNREACHABLE_CODE = YES;
				CLANG_WARN__DUPLICATE_METHOD_MATCH = YES;
				CODE_SIGN_IDENTITY = "iPhone Developer";
				COPY_PHASE_STRIP = NO;
				DEBUG_INFORMATION_FORMAT = dwarf;
				ENABLE_STRICT_OBJC_MSGSEND = YES;
				ENABLE_TESTABILITY = YES;
				GCC_C_LANGUAGE_STANDARD = gnu11;
				GCC_DYNAMIC_NO_PIC = NO;
				GCC_NO_COMMON_BLOCKS = YES;
				GCC_OPTIMIZATION_LEVEL = 0;
				GCC_PREPROCESSOR_DEFINITIONS = (
					"DEBUG=1",
					"$(inherited)",
				);
				GCC_WARN_64_TO_32_BIT_CONVERSION = YES;
				GCC_WARN_ABOUT_RETURN_TYPE = YES_ERROR;
				GCC_WARN_UNDECLARED_SELECTOR = YES;
				GCC_WARN_UNINITIALIZED_AUTOS = YES_AGGRESSIVE;
				GCC_WARN_UNUSED_FUNCTION = YES;
				GCC_WARN_UNUSED_VARIABLE = YES;
				IPHONEOS_DEPLOYMENT_TARGET = 11.0;
				MTL_ENABLE_DEBUG_INFO = YES;
				ONLY_ACTIVE_ARCH = YES;
				SDKROOT = iphoneos;
				SWIFT_ACTIVE_COMPILATION_CONDITIONS = DEBUG;
				SWIFT_OPTIMIZATION_LEVEL = "-Onone";
			};
			name = Debug;
		};
		CCD2926020AD7AD60084F8D0 /* Release */ = {
			isa = XCBuildConfiguration;
			buildSettings = {
				ALWAYS_SEARCH_USER_PATHS = NO;
				CLANG_ANALYZER_NONNULL = YES;
				CLANG_ANALYZER_NUMBER_OBJECT_CONVERSION = YES_AGGRESSIVE;
				CLANG_CXX_LANGUAGE_STANDARD = "gnu++14";
				CLANG_CXX_LIBRARY = "libc++";
				CLANG_ENABLE_MODULES = YES;
				CLANG_ENABLE_OBJC_ARC = YES;
				CLANG_ENABLE_OBJC_WEAK = YES;
				CLANG_WARN_BLOCK_CAPTURE_AUTORELEASING = YES;
				CLANG_WARN_BOOL_CONVERSION = YES;
				CLANG_WARN_COMMA = YES;
				CLANG_WARN_CONSTANT_CONVERSION = YES;
				CLANG_WARN_DEPRECATED_OBJC_IMPLEMENTATIONS = YES;
				CLANG_WARN_DIRECT_OBJC_ISA_USAGE = YES_ERROR;
				CLANG_WARN_DOCUMENTATION_COMMENTS = YES;
				CLANG_WARN_EMPTY_BODY = YES;
				CLANG_WARN_ENUM_CONVERSION = YES;
				CLANG_WARN_INFINITE_RECURSION = YES;
				CLANG_WARN_INT_CONVERSION = YES;
				CLANG_WARN_NON_LITERAL_NULL_CONVERSION = YES;
				CLANG_WARN_OBJC_IMPLICIT_RETAIN_SELF = YES;
				CLANG_WARN_OBJC_LITERAL_CONVERSION = YES;
				CLANG_WARN_OBJC_ROOT_CLASS = YES_ERROR;
				CLANG_WARN_RANGE_LOOP_ANALYSIS = YES;
				CLANG_WARN_STRICT_PROTOTYPES = YES;
				CLANG_WARN_SUSPICIOUS_MOVE = YES;
				CLANG_WARN_UNGUARDED_AVAILABILITY = YES_AGGRESSIVE;
				CLANG_WARN_UNREACHABLE_CODE = YES;
				CLANG_WARN__DUPLICATE_METHOD_MATCH = YES;
				CODE_SIGN_IDENTITY = "iPhone Developer";
				COPY_PHASE_STRIP = NO;
				DEBUG_INFORMATION_FORMAT = "dwarf-with-dsym";
				ENABLE_NS_ASSERTIONS = NO;
				ENABLE_STRICT_OBJC_MSGSEND = YES;
				GCC_C_LANGUAGE_STANDARD = gnu11;
				GCC_NO_COMMON_BLOCKS = YES;
				GCC_WARN_64_TO_32_BIT_CONVERSION = YES;
				GCC_WARN_ABOUT_RETURN_TYPE = YES_ERROR;
				GCC_WARN_UNDECLARED_SELECTOR = YES;
				GCC_WARN_UNINITIALIZED_AUTOS = YES_AGGRESSIVE;
				GCC_WARN_UNUSED_FUNCTION = YES;
				GCC_WARN_UNUSED_VARIABLE = YES;
				IPHONEOS_DEPLOYMENT_TARGET = 11.0;
				MTL_ENABLE_DEBUG_INFO = NO;
				SDKROOT = iphoneos;
				SWIFT_COMPILATION_MODE = wholemodule;
				SWIFT_OPTIMIZATION_LEVEL = "-O";
				VALIDATE_PRODUCT = YES;
			};
			name = Release;
		};
		CCD2926220AD7AD60084F8D0 /* Debug */ = {
			isa = XCBuildConfiguration;
			baseConfigurationReference = C29C6E8E6A8C4CD51E444D2B /* Pods-WorldTracking.debug.xcconfig */;
			buildSettings = {
				ASSETCATALOG_COMPILER_APPICON_NAME = AppIcon;
				CODE_SIGN_STYLE = Automatic;
				DEVELOPMENT_TEAM = DF28856VV6;
				INFOPLIST_FILE = WorldTracking/Info.plist;
				LD_RUNPATH_SEARCH_PATHS = "$(inherited) @executable_path/Frameworks";
				PRODUCT_BUNDLE_IDENTIFIER = com.magnusholm.WorldTracking;
				PRODUCT_NAME = "$(TARGET_NAME)";
				SWIFT_VERSION = 4.0;
				TARGETED_DEVICE_FAMILY = "1,2";
			};
			name = Debug;
		};
		CCD2926320AD7AD60084F8D0 /* Release */ = {
			isa = XCBuildConfiguration;
			baseConfigurationReference = B720C9B63C4627DC2DCD0391 /* Pods-WorldTracking.release.xcconfig */;
			buildSettings = {
				ASSETCATALOG_COMPILER_APPICON_NAME = AppIcon;
				CODE_SIGN_STYLE = Automatic;
				DEVELOPMENT_TEAM = DF28856VV6;
				INFOPLIST_FILE = WorldTracking/Info.plist;
				LD_RUNPATH_SEARCH_PATHS = "$(inherited) @executable_path/Frameworks";
				PRODUCT_BUNDLE_IDENTIFIER = com.magnusholm.WorldTracking;
				PRODUCT_NAME = "$(TARGET_NAME)";
				SWIFT_VERSION = 4.0;
				TARGETED_DEVICE_FAMILY = "1,2";
			};
			name = Release;
		};
/* End XCBuildConfiguration section */

/* Begin XCConfigurationList section */
		CCD2924A20AD7AD50084F8D0 /* Build configuration list for PBXProject "WorldTracking" */ = {
			isa = XCConfigurationList;
			buildConfigurations = (
				CCD2925F20AD7AD60084F8D0 /* Debug */,
				CCD2926020AD7AD60084F8D0 /* Release */,
			);
			defaultConfigurationIsVisible = 0;
			defaultConfigurationName = Release;
		};
		CCD2926120AD7AD60084F8D0 /* Build configuration list for PBXNativeTarget "WorldTracking" */ = {
			isa = XCConfigurationList;
			buildConfigurations = (
				CCD2926220AD7AD60084F8D0 /* Debug */,
				CCD2926320AD7AD60084F8D0 /* Release */,
			);
			defaultConfigurationIsVisible = 0;
			defaultConfigurationName = Release;
		};
/* End XCConfigurationList section */
	};
	rootObject = CCD2924720AD7AD50084F8D0 /* Project object */;
}
